
Microsoft Visual Studio Solution File, Format Version 12.00
# Visual Studio 15
VisualStudioVersion = 15.0.28010.2036
MinimumVisualStudioVersion = 10.0.40219.1
Project("{FAE04EC0-301F-11D3-BF4B-00C04F79EFBC}") = "AMC_ConditionImporting2", "AMC_ConditionImporting2\AMC_ConditionImporting2.csproj", "{752FD281-B209-467E-9DE0-F76C6477CEDC}"
EndProject
Global
	GlobalSection(SolutionConfigurationPlatforms) = preSolution
		Debug|Any CPU = Debug|Any CPU
		Release|Any CPU = Release|Any CPU
	EndGlobalSection
	GlobalSection(ProjectConfigurationPlatforms) = postSolution
		{752FD281-B209-467E-9DE0-F76C6477CEDC}.Debug|Any CPU.ActiveCfg = Debug|Any CPU
		{752FD281-B209-467E-9DE0-F76C6477CEDC}.Debug|Any CPU.Build.0 = Debug|Any CPU
		{752FD281-B209-467E-9DE0-F76C6477CEDC}.Release|Any CPU.ActiveCfg = Release|Any CPU
		{752FD281-B209-467E-9DE0-F76C6477CEDC}.Release|Any CPU.Build.0 = Release|Any CPU
	EndGlobalSection
	GlobalSection(SolutionProperties) = preSolution
		HideSolutionNode = FALSE
	EndGlobalSection
	GlobalSection(ExtensibilityGlobals) = postSolution
		SolutionGuid = {727D1012-13E0-45C1-9581-78E240248593}
	EndGlobalSection
EndGlobal
